// !$*UTF8*$!
{
	archiveVersion = 1;
	classes = {
	};
	objectVersion = 55;
	objects = {

/* Begin PBXBuildFile section */
		D1027DB327528F0200AAE755 /* LoginViewController.swift in Sources */ = {isa = PBXBuildFile; fileRef = D1027DB227528F0200AAE755 /* LoginViewController.swift */; };
		D1027DB72752943E00AAE755 /* RegisterViewController.swift in Sources */ = {isa = PBXBuildFile; fileRef = D1027DB62752943E00AAE755 /* RegisterViewController.swift */; };
		D1027DBB2752993700AAE755 /* GoogleService-Info.plist in Resources */ = {isa = PBXBuildFile; fileRef = D1027DBA2752993700AAE755 /* GoogleService-Info.plist */; };
		D11BA75D27528483009F18D2 /* AppDelegate.swift in Sources */ = {isa = PBXBuildFile; fileRef = D11BA75C27528483009F18D2 /* AppDelegate.swift */; };
		D11BA75F27528483009F18D2 /* SceneDelegate.swift in Sources */ = {isa = PBXBuildFile; fileRef = D11BA75E27528483009F18D2 /* SceneDelegate.swift */; };
		D11BA76427528483009F18D2 /* Main.storyboard in Resources */ = {isa = PBXBuildFile; fileRef = D11BA76227528483009F18D2 /* Main.storyboard */; };
		D11BA76727528483009F18D2 /* justForFun.xcdatamodeld in Sources */ = {isa = PBXBuildFile; fileRef = D11BA76527528483009F18D2 /* justForFun.xcdatamodeld */; };
		D11BA76927528484009F18D2 /* Assets.xcassets in Resources */ = {isa = PBXBuildFile; fileRef = D11BA76827528484009F18D2 /* Assets.xcassets */; };
		D11BA76C27528484009F18D2 /* LaunchScreen.storyboard in Resources */ = {isa = PBXBuildFile; fileRef = D11BA76A27528484009F18D2 /* LaunchScreen.storyboard */; };
		D11BA778275287DE009F18D2 /* FirebaseAuth in Frameworks */ = {isa = PBXBuildFile; productRef = D11BA777275287DE009F18D2 /* FirebaseAuth */; };
		D11BA77A275287DE009F18D2 /* FirebaseFirestore in Frameworks */ = {isa = PBXBuildFile; productRef = D11BA779275287DE009F18D2 /* FirebaseFirestore */; };
		D19B5EF32753E470002997C6 /* HomeScreenViewController.swift in Sources */ = {isa = PBXBuildFile; fileRef = D19B5EF22753E470002997C6 /* HomeScreenViewController.swift */; };
		D19B5EF527540288002997C6 /* GameDescriptionViewController.swift in Sources */ = {isa = PBXBuildFile; fileRef = D19B5EF427540288002997C6 /* GameDescriptionViewController.swift */; };
/* End PBXBuildFile section */

/* Begin PBXFileReference section */
		D1027DB227528F0200AAE755 /* LoginViewController.swift */ = {isa = PBXFileReference; lastKnownFileType = sourcecode.swift; path = LoginViewController.swift; sourceTree = "<group>"; };
		D1027DB62752943E00AAE755 /* RegisterViewController.swift */ = {isa = PBXFileReference; lastKnownFileType = sourcecode.swift; path = RegisterViewController.swift; sourceTree = "<group>"; };
		D1027DBA2752993700AAE755 /* GoogleService-Info.plist */ = {isa = PBXFileReference; fileEncoding = 4; lastKnownFileType = text.plist.xml; name = "GoogleService-Info.plist"; path = "../../../../Downloads/GoogleService-Info.plist"; sourceTree = "<group>"; };
		D11BA75927528483009F18D2 /* justForFun.app */ = {isa = PBXFileReference; explicitFileType = wrapper.application; includeInIndex = 0; path = justForFun.app; sourceTree = BUILT_PRODUCTS_DIR; };
		D11BA75C27528483009F18D2 /* AppDelegate.swift */ = {isa = PBXFileReference; lastKnownFileType = sourcecode.swift; path = AppDelegate.swift; sourceTree = "<group>"; };
		D11BA75E27528483009F18D2 /* SceneDelegate.swift */ = {isa = PBXFileReference; lastKnownFileType = sourcecode.swift; path = SceneDelegate.swift; sourceTree = "<group>"; };
		D11BA76327528483009F18D2 /* Base */ = {isa = PBXFileReference; lastKnownFileType = file.storyboard; name = Base; path = Base.lproj/Main.storyboard; sourceTree = "<group>"; };
		D11BA76627528483009F18D2 /* justForFun.xcdatamodel */ = {isa = PBXFileReference; lastKnownFileType = wrapper.xcdatamodel; path = justForFun.xcdatamodel; sourceTree = "<group>"; };
		D11BA76827528484009F18D2 /* Assets.xcassets */ = {isa = PBXFileReference; lastKnownFileType = folder.assetcatalog; path = Assets.xcassets; sourceTree = "<group>"; };
		D11BA76B27528484009F18D2 /* Base */ = {isa = PBXFileReference; lastKnownFileType = file.storyboard; name = Base; path = Base.lproj/LaunchScreen.storyboard; sourceTree = "<group>"; };
		D11BA76D27528484009F18D2 /* Info.plist */ = {isa = PBXFileReference; lastKnownFileType = text.plist.xml; path = Info.plist; sourceTree = "<group>"; };
		D19B5EF22753E470002997C6 /* HomeScreenViewController.swift */ = {isa = PBXFileReference; lastKnownFileType = sourcecode.swift; path = HomeScreenViewController.swift; sourceTree = "<group>"; };
		D19B5EF427540288002997C6 /* GameDescriptionViewController.swift */ = {isa = PBXFileReference; lastKnownFileType = sourcecode.swift; path = GameDescriptionViewController.swift; sourceTree = "<group>"; };
/* End PBXFileReference section */

/* Begin PBXFrameworksBuildPhase section */
		D11BA75627528483009F18D2 /* Frameworks */ = {
			isa = PBXFrameworksBuildPhase;
			buildActionMask = 2147483647;
			files = (
				D11BA778275287DE009F18D2 /* FirebaseAuth in Frameworks */,
				D11BA77A275287DE009F18D2 /* FirebaseFirestore in Frameworks */,
			);
			runOnlyForDeploymentPostprocessing = 0;
		};
/* End PBXFrameworksBuildPhase section */

/* Begin PBXGroup section */
		D11BA75027528483009F18D2 = {
			isa = PBXGroup;
			children = (
				D11BA75B27528483009F18D2 /* justForFun */,
				D11BA75A27528483009F18D2 /* Products */,
			);
			sourceTree = "<group>";
		};
		D11BA75A27528483009F18D2 /* Products */ = {
			isa = PBXGroup;
			children = (
				D11BA75927528483009F18D2 /* justForFun.app */,
			);
			name = Products;
			sourceTree = "<group>";
		};
		D11BA75B27528483009F18D2 /* justForFun */ = {
			isa = PBXGroup;
			children = (
				D11BA77B27528D77009F18D2 /* Controllers */,
				D11BA775275284EC009F18D2 /* Models */,
				D11BA774275284D7009F18D2 /* Services */,
				D11BA773275284CA009F18D2 /* Views */,
				D11BA75C27528483009F18D2 /* AppDelegate.swift */,
				D11BA75E27528483009F18D2 /* SceneDelegate.swift */,
				D11BA76227528483009F18D2 /* Main.storyboard */,
				D11BA76827528484009F18D2 /* Assets.xcassets */,
				D11BA76A27528484009F18D2 /* LaunchScreen.storyboard */,
				D1027DBA2752993700AAE755 /* GoogleService-Info.plist */,
				D11BA76D27528484009F18D2 /* Info.plist */,
				D11BA76527528483009F18D2 /* justForFun.xcdatamodeld */,
			);
			path = justForFun;
			sourceTree = "<group>";
		};
		D11BA773275284CA009F18D2 /* Views */ = {
			isa = PBXGroup;
			children = (
			);
			path = Views;
			sourceTree = "<group>";
		};
		D11BA774275284D7009F18D2 /* Services */ = {
			isa = PBXGroup;
			children = (
			);
			path = Services;
			sourceTree = "<group>";
		};
		D11BA775275284EC009F18D2 /* Models */ = {
			isa = PBXGroup;
			children = (
			);
			path = Models;
			sourceTree = "<group>";
		};
		D11BA77B27528D77009F18D2 /* Controllers */ = {
			isa = PBXGroup;
			children = (
				D1027DB227528F0200AAE755 /* LoginViewController.swift */,
				D1027DB62752943E00AAE755 /* RegisterViewController.swift */,
				D19B5EF22753E470002997C6 /* HomeScreenViewController.swift */,
				D19B5EF427540288002997C6 /* GameDescriptionViewController.swift */,
			);
			path = Controllers;
			sourceTree = "<group>";
		};
/* End PBXGroup section */

/* Begin PBXNativeTarget section */
		D11BA75827528483009F18D2 /* justForFun */ = {
			isa = PBXNativeTarget;
			buildConfigurationList = D11BA77027528484009F18D2 /* Build configuration list for PBXNativeTarget "justForFun" */;
			buildPhases = (
				D11BA75527528483009F18D2 /* Sources */,
				D11BA75627528483009F18D2 /* Frameworks */,
				D11BA75727528483009F18D2 /* Resources */,
			);
			buildRules = (
			);
			dependencies = (
			);
			name = justForFun;
			packageProductDependencies = (
				D11BA777275287DE009F18D2 /* FirebaseAuth */,
				D11BA779275287DE009F18D2 /* FirebaseFirestore */,
			);
			productName = justForFun;
			productReference = D11BA75927528483009F18D2 /* justForFun.app */;
			productType = "com.apple.product-type.application";
		};
/* End PBXNativeTarget section */

/* Begin PBXProject section */
		D11BA75127528483009F18D2 /* Project object */ = {
			isa = PBXProject;
			attributes = {
				BuildIndependentTargetsInParallel = 1;
				LastSwiftUpdateCheck = 1310;
				LastUpgradeCheck = 1310;
				TargetAttributes = {
					D11BA75827528483009F18D2 = {
						CreatedOnToolsVersion = 13.1;
					};
				};
			};
			buildConfigurationList = D11BA75427528483009F18D2 /* Build configuration list for PBXProject "justForFun" */;
			compatibilityVersion = "Xcode 13.0";
			developmentRegion = en;
			hasScannedForEncodings = 0;
			knownRegions = (
				en,
				Base,
			);
			mainGroup = D11BA75027528483009F18D2;
			packageReferences = (
				D11BA776275287DE009F18D2 /* XCRemoteSwiftPackageReference "firebase-ios-sdk" */,
			);
			productRefGroup = D11BA75A27528483009F18D2 /* Products */;
			projectDirPath = "";
			projectRoot = "";
			targets = (
				D11BA75827528483009F18D2 /* justForFun */,
			);
		};
/* End PBXProject section */

/* Begin PBXResourcesBuildPhase section */
		D11BA75727528483009F18D2 /* Resources */ = {
			isa = PBXResourcesBuildPhase;
			buildActionMask = 2147483647;
			files = (
				D11BA76C27528484009F18D2 /* LaunchScreen.storyboard in Resources */,
				D1027DBB2752993700AAE755 /* GoogleService-Info.plist in Resources */,
				D11BA76927528484009F18D2 /* Assets.xcassets in Resources */,
				D11BA76427528483009F18D2 /* Main.storyboard in Resources */,
			);
			runOnlyForDeploymentPostprocessing = 0;
		};
/* End PBXResourcesBuildPhase section */

/* Begin PBXSourcesBuildPhase section */
		D11BA75527528483009F18D2 /* Sources */ = {
			isa = PBXSourcesBuildPhase;
			buildActionMask = 2147483647;
			files = (
				D19B5EF527540288002997C6 /* GameDescriptionViewController.swift in Sources */,
				D1027DB327528F0200AAE755 /* LoginViewController.swift in Sources */,
				D1027DB72752943E00AAE755 /* RegisterViewController.swift in Sources */,
				D11BA76727528483009F18D2 /* justForFun.xcdatamodeld in Sources */,
				D11BA75D27528483009F18D2 /* AppDelegate.swift in Sources */,
				D11BA75F27528483009F18D2 /* SceneDelegate.swift in Sources */,
				D19B5EF32753E470002997C6 /* HomeScreenViewController.swift in Sources */,
			);
			runOnlyForDeploymentPostprocessing = 0;
		};
/* End PBXSourcesBuildPhase section */

/* Begin PBXVariantGroup section */
		D11BA76227528483009F18D2 /* Main.storyboard */ = {
			isa = PBXVariantGroup;
			children = (
				D11BA76327528483009F18D2 /* Base */,
			);
			name = Main.storyboard;
			sourceTree = "<group>";
		};
		D11BA76A27528484009F18D2 /* LaunchScreen.storyboard */ = {
			isa = PBXVariantGroup;
			children = (
				D11BA76B27528484009F18D2 /* Base */,
			);
			name = LaunchScreen.storyboard;
			sourceTree = "<group>";
		};
/* End PBXVariantGroup section */

/* Begin XCBuildConfiguration section */
		D11BA76E27528484009F18D2 /* Debug */ = {
			isa = XCBuildConfiguration;
			buildSettings = {
				ALWAYS_SEARCH_USER_PATHS = NO;
				CLANG_ANALYZER_NONNULL = YES;
				CLANG_ANALYZER_NUMBER_OBJECT_CONVERSION = YES_AGGRESSIVE;
				CLANG_CXX_LANGUAGE_STANDARD = "gnu++17";
				CLANG_CXX_LIBRARY = "libc++";
				CLANG_ENABLE_MODULES = YES;
				CLANG_ENABLE_OBJC_ARC = YES;
				CLANG_ENABLE_OBJC_WEAK = YES;
				CLANG_WARN_BLOCK_CAPTURE_AUTORELEASING = YES;
				CLANG_WARN_BOOL_CONVERSION = YES;
				CLANG_WARN_COMMA = YES;
				CLANG_WARN_CONSTANT_CONVERSION = YES;
				CLANG_WARN_DEPRECATED_OBJC_IMPLEMENTATIONS = YES;
				CLANG_WARN_DIRECT_OBJC_ISA_USAGE = YES_ERROR;
				CLANG_WARN_DOCUMENTATION_COMMENTS = YES;
				CLANG_WARN_EMPTY_BODY = YES;
				CLANG_WARN_ENUM_CONVERSION = YES;
				CLANG_WARN_INFINITE_RECURSION = YES;
				CLANG_WARN_INT_CONVERSION = YES;
				CLANG_WARN_NON_LITERAL_NULL_CONVERSION = YES;
				CLANG_WARN_OBJC_IMPLICIT_RETAIN_SELF = YES;
				CLANG_WARN_OBJC_LITERAL_CONVERSION = YES;
				CLANG_WARN_OBJC_ROOT_CLASS = YES_ERROR;
				CLANG_WARN_QUOTED_INCLUDE_IN_FRAMEWORK_HEADER = YES;
				CLANG_WARN_RANGE_LOOP_ANALYSIS = YES;
				CLANG_WARN_STRICT_PROTOTYPES = YES;
				CLANG_WARN_SUSPICIOUS_MOVE = YES;
				CLANG_WARN_UNGUARDED_AVAILABILITY = YES_AGGRESSIVE;
				CLANG_WARN_UNREACHABLE_CODE = YES;
				CLANG_WARN__DUPLICATE_METHOD_MATCH = YES;
				COPY_PHASE_STRIP = NO;
				DEBUG_INFORMATION_FORMAT = dwarf;
				ENABLE_STRICT_OBJC_MSGSEND = YES;
				ENABLE_TESTABILITY = YES;
				GCC_C_LANGUAGE_STANDARD = gnu11;
				GCC_DYNAMIC_NO_PIC = NO;
				GCC_NO_COMMON_BLOCKS = YES;
				GCC_OPTIMIZATION_LEVEL = 0;
				GCC_PREPROCESSOR_DEFINITIONS = (
					"DEBUG=1",
					"$(inherited)",
				);
				GCC_WARN_64_TO_32_BIT_CONVERSION = YES;
				GCC_WARN_ABOUT_RETURN_TYPE = YES_ERROR;
				GCC_WARN_UNDECLARED_SELECTOR = YES;
				GCC_WARN_UNINITIALIZED_AUTOS = YES_AGGRESSIVE;
				GCC_WARN_UNUSED_FUNCTION = YES;
				GCC_WARN_UNUSED_VARIABLE = YES;
				IPHONEOS_DEPLOYMENT_TARGET = 15.0;
				MTL_ENABLE_DEBUG_INFO = INCLUDE_SOURCE;
				MTL_FAST_MATH = YES;
				ONLY_ACTIVE_ARCH = YES;
				SDKROOT = iphoneos;
				SWIFT_ACTIVE_COMPILATION_CONDITIONS = DEBUG;
				SWIFT_OPTIMIZATION_LEVEL = "-Onone";
			};
			name = Debug;
		};
		D11BA76F27528484009F18D2 /* Release */ = {
			isa = XCBuildConfiguration;
			buildSettings = {
				ALWAYS_SEARCH_USER_PATHS = NO;
				CLANG_ANALYZER_NONNULL = YES;
				CLANG_ANALYZER_NUMBER_OBJECT_CONVERSION = YES_AGGRESSIVE;
				CLANG_CXX_LANGUAGE_STANDARD = "gnu++17";
				CLANG_CXX_LIBRARY = "libc++";
				CLANG_ENABLE_MODULES = YES;
				CLANG_ENABLE_OBJC_ARC = YES;
				CLANG_ENABLE_OBJC_WEAK = YES;
				CLANG_WARN_BLOCK_CAPTURE_AUTORELEASING = YES;
				CLANG_WARN_BOOL_CONVERSION = YES;
				CLANG_WARN_COMMA = YES;
				CLANG_WARN_CONSTANT_CONVERSION = YES;
				CLANG_WARN_DEPRECATED_OBJC_IMPLEMENTATIONS = YES;
				CLANG_WARN_DIRECT_OBJC_ISA_USAGE = YES_ERROR;
				CLANG_WARN_DOCUMENTATION_COMMENTS = YES;
				CLANG_WARN_EMPTY_BODY = YES;
				CLANG_WARN_ENUM_CONVERSION = YES;
				CLANG_WARN_INFINITE_RECURSION = YES;
				CLANG_WARN_INT_CONVERSION = YES;
				CLANG_WARN_NON_LITERAL_NULL_CONVERSION = YES;
				CLANG_WARN_OBJC_IMPLICIT_RETAIN_SELF = YES;
				CLANG_WARN_OBJC_LITERAL_CONVERSION = YES;
				CLANG_WARN_OBJC_ROOT_CLASS = YES_ERROR;
				CLANG_WARN_QUOTED_INCLUDE_IN_FRAMEWORK_HEADER = YES;
				CLANG_WARN_RANGE_LOOP_ANALYSIS = YES;
				CLANG_WARN_STRICT_PROTOTYPES = YES;
				CLANG_WARN_SUSPICIOUS_MOVE = YES;
				CLANG_WARN_UNGUARDED_AVAILABILITY = YES_AGGRESSIVE;
				CLANG_WARN_UNREACHABLE_CODE = YES;
				CLANG_WARN__DUPLICATE_METHOD_MATCH = YES;
				COPY_PHASE_STRIP = NO;
				DEBUG_INFORMATION_FORMAT = "dwarf-with-dsym";
				ENABLE_NS_ASSERTIONS = NO;
				ENABLE_STRICT_OBJC_MSGSEND = YES;
				GCC_C_LANGUAGE_STANDARD = gnu11;
				GCC_NO_COMMON_BLOCKS = YES;
				GCC_WARN_64_TO_32_BIT_CONVERSION = YES;
				GCC_WARN_ABOUT_RETURN_TYPE = YES_ERROR;
				GCC_WARN_UNDECLARED_SELECTOR = YES;
				GCC_WARN_UNINITIALIZED_AUTOS = YES_AGGRESSIVE;
				GCC_WARN_UNUSED_FUNCTION = YES;
				GCC_WARN_UNUSED_VARIABLE = YES;
				IPHONEOS_DEPLOYMENT_TARGET = 15.0;
				MTL_ENABLE_DEBUG_INFO = NO;
				MTL_FAST_MATH = YES;
				SDKROOT = iphoneos;
				SWIFT_COMPILATION_MODE = wholemodule;
				SWIFT_OPTIMIZATION_LEVEL = "-O";
				VALIDATE_PRODUCT = YES;
			};
			name = Release;
		};
		D11BA77127528484009F18D2 /* Debug */ = {
			isa = XCBuildConfiguration;
			buildSettings = {
				ASSETCATALOG_COMPILER_APPICON_NAME = AppIcon;
				ASSETCATALOG_COMPILER_GLOBAL_ACCENT_COLOR_NAME = AccentColor;
				CODE_SIGN_STYLE = Automatic;
				CURRENT_PROJECT_VERSION = 1;
				DEVELOPMENT_TEAM = "";
				GENERATE_INFOPLIST_FILE = YES;
				INFOPLIST_FILE = justForFun/Info.plist;
				INFOPLIST_KEY_UIApplicationSupportsIndirectInputEvents = YES;
				INFOPLIST_KEY_UILaunchStoryboardName = LaunchScreen;
				INFOPLIST_KEY_UIMainStoryboardFile = Main;
				INFOPLIST_KEY_UISupportedInterfaceOrientations_iPad = "UIInterfaceOrientationPortrait UIInterfaceOrientationPortraitUpsideDown UIInterfaceOrientationLandscapeLeft UIInterfaceOrientationLandscapeRight";
				INFOPLIST_KEY_UISupportedInterfaceOrientations_iPhone = "UIInterfaceOrientationPortrait UIInterfaceOrientationLandscapeLeft UIInterfaceOrientationLandscapeRight";
				LD_RUNPATH_SEARCH_PATHS = (
					"$(inherited)",
					"@executable_path/Frameworks",
				);
				MARKETING_VERSION = 1.0;
				PRODUCT_BUNDLE_IDENTIFIER = com.fmi.justForFun.justForFun;
				PRODUCT_NAME = "$(TARGET_NAME)";
				SWIFT_EMIT_LOC_STRINGS = YES;
				SWIFT_VERSION = 5.0;
				TARGETED_DEVICE_FAMILY = "1,2";
			};
			name = Debug;
		};
		D11BA77227528484009F18D2 /* Release */ = {
			isa = XCBuildConfiguration;
			buildSettings = {
				ASSETCATALOG_COMPILER_APPICON_NAME = AppIcon;
				ASSETCATALOG_COMPILER_GLOBAL_ACCENT_COLOR_NAME = AccentColor;
				CODE_SIGN_STYLE = Automatic;
				CURRENT_PROJECT_VERSION = 1;
				DEVELOPMENT_TEAM = "";
				GENERATE_INFOPLIST_FILE = YES;
				INFOPLIST_FILE = justForFun/Info.plist;
				INFOPLIST_KEY_UIApplicationSupportsIndirectInputEvents = YES;
				INFOPLIST_KEY_UILaunchStoryboardName = LaunchScreen;
				INFOPLIST_KEY_UIMainStoryboardFile = Main;
				INFOPLIST_KEY_UISupportedInterfaceOrientations_iPad = "UIInterfaceOrientationPortrait UIInterfaceOrientationPortraitUpsideDown UIInterfaceOrientationLandscapeLeft UIInterfaceOrientationLandscapeRight";
				INFOPLIST_KEY_UISupportedInterfaceOrientations_iPhone = "UIInterfaceOrientationPortrait UIInterfaceOrientationLandscapeLeft UIInterfaceOrientationLandscapeRight";
				LD_RUNPATH_SEARCH_PATHS = (
					"$(inherited)",
					"@executable_path/Frameworks",
				);
				MARKETING_VERSION = 1.0;
				PRODUCT_BUNDLE_IDENTIFIER = com.fmi.justForFun.justForFun;
				PRODUCT_NAME = "$(TARGET_NAME)";
				SWIFT_EMIT_LOC_STRINGS = YES;
				SWIFT_VERSION = 5.0;
				TARGETED_DEVICE_FAMILY = "1,2";
			};
			name = Release;
		};
/* End XCBuildConfiguration section */

/* Begin XCConfigurationList section */
		D11BA75427528483009F18D2 /* Build configuration list for PBXProject "justForFun" */ = {
			isa = XCConfigurationList;
			buildConfigurations = (
				D11BA76E27528484009F18D2 /* Debug */,
				D11BA76F27528484009F18D2 /* Release */,
			);
			defaultConfigurationIsVisible = 0;
			defaultConfigurationName = Release;
		};
		D11BA77027528484009F18D2 /* Build configuration list for PBXNativeTarget "justForFun" */ = {
			isa = XCConfigurationList;
			buildConfigurations = (
				D11BA77127528484009F18D2 /* Debug */,
				D11BA77227528484009F18D2 /* Release */,
			);
			defaultConfigurationIsVisible = 0;
			defaultConfigurationName = Release;
		};
/* End XCConfigurationList section */

/* Begin XCRemoteSwiftPackageReference section */
		D11BA776275287DE009F18D2 /* XCRemoteSwiftPackageReference "firebase-ios-sdk" */ = {
			isa = XCRemoteSwiftPackageReference;
			repositoryURL = "https://github.com/firebase/firebase-ios-sdk";
			requirement = {
				kind = upToNextMajorVersion;
				minimumVersion = 8.0.0;
			};
		};
/* End XCRemoteSwiftPackageReference section */

/* Begin XCSwiftPackageProductDependency section */
		D11BA777275287DE009F18D2 /* FirebaseAuth */ = {
			isa = XCSwiftPackageProductDependency;
			package = D11BA776275287DE009F18D2 /* XCRemoteSwiftPackageReference "firebase-ios-sdk" */;
			productName = FirebaseAuth;
		};
		D11BA779275287DE009F18D2 /* FirebaseFirestore */ = {
			isa = XCSwiftPackageProductDependency;
			package = D11BA776275287DE009F18D2 /* XCRemoteSwiftPackageReference "firebase-ios-sdk" */;
			productName = FirebaseFirestore;
		};
/* End XCSwiftPackageProductDependency section */

/* Begin XCVersionGroup section */
		D11BA76527528483009F18D2 /* justForFun.xcdatamodeld */ = {
			isa = XCVersionGroup;
			children = (
				D11BA76627528483009F18D2 /* justForFun.xcdatamodel */,
			);
			currentVersion = D11BA76627528483009F18D2 /* justForFun.xcdatamodel */;
			path = justForFun.xcdatamodeld;
			sourceTree = "<group>";
			versionGroupType = wrapper.xcdatamodel;
		};
/* End XCVersionGroup section */
	};
	rootObject = D11BA75127528483009F18D2 /* Project object */;
}
